
Microsoft Visual Studio Solution File, Format Version 12.00
# Visual Studio Version 17
VisualStudioVersion = 17.3.32929.385
MinimumVisualStudioVersion = 10.0.40219.1
Project("{9A19103F-16F7-4668-BE54-9A1E7A4F7556}") = "UnitGenerator", "UnitGenerator\NullableUnitGenerator.csproj", "{EF2A8B93-1F5F-45F8-AF62-BA04A04314C2}"
EndProject
Project("{2150E333-8FDC-42A3-9474-1A3956D46DE8}") = "tests", "tests", "{2583FDCC-0E43-4962-8847-4A5BDC135311}"
EndProject
Project("{9A19103F-16F7-4668-BE54-9A1E7A4F7556}") = "UnitGenerator.Tests", "tests\UnitGenerator.Tests\UnitGenerator.Tests.csproj", "{C85BA8A4-9185-40CA-8566-BB8BD258D2F7}"
EndProject
Project("{2150E333-8FDC-42A3-9474-1A3956D46DE8}") = "sandbox", "sandbox", "{479AAD0E-27D1-4D60-B4BA-7A49BE3FAD2E}"
EndProject
Project("{2150E333-8FDC-42A3-9474-1A3956D46DE8}") = "Lib", "Lib", "{4357B122-1646-473F-BABD-1EC8C548165D}"
EndProject
Project("{9A19103F-16F7-4668-BE54-9A1E7A4F7556}") = "ModelsNet6", "sandbox\Lib\ModelsNet6\ModelsNet6.csproj", "{99297948-51B7-4E96-A2FB-B16DC276740C}"
EndProject
Project("{9A19103F-16F7-4668-BE54-9A1E7A4F7556}") = "ModelsNet7", "sandbox\Lib\ModelsNet7\ModelsNet7.csproj", "{CD81991F-3D9A-4710-B01C-CFDC189E9CBD}"
EndProject
Project("{9A19103F-16F7-4668-BE54-9A1E7A4F7556}") = "ConsoleApp", "sandbox\ConsoleApp\ConsoleApp.csproj", "{FBFE6504-FD66-45E8-8D4D-57A4409C8CA9}"
EndProject
Project("{9A19103F-16F7-4668-BE54-9A1E7A4F7556}") = "EntityFrameworkApp", "sandbox\EntityFrameworkApp\EntityFrameworkApp.csproj", "{553B0CD0-2243-448F-9F2C-F09CBB47FB84}"
EndProject
Project("{9A19103F-16F7-4668-BE54-9A1E7A4F7556}") = "WebApiApp", "sandbox\WebApiApp\WebApiApp.csproj", "{FF60500D-ED77-4A4F-8F8E-8DBFEBFDB5C3}"
EndProject
Global
	GlobalSection(SolutionConfigurationPlatforms) = preSolution
		Debug|Any CPU = Debug|Any CPU
		Release|Any CPU = Release|Any CPU
	EndGlobalSection
	GlobalSection(ProjectConfigurationPlatforms) = postSolution
		{EF2A8B93-1F5F-45F8-AF62-BA04A04314C2}.Debug|Any CPU.ActiveCfg = Debug|Any CPU
		{EF2A8B93-1F5F-45F8-AF62-BA04A04314C2}.Debug|Any CPU.Build.0 = Debug|Any CPU
		{EF2A8B93-1F5F-45F8-AF62-BA04A04314C2}.Release|Any CPU.ActiveCfg = Release|Any CPU
		{EF2A8B93-1F5F-45F8-AF62-BA04A04314C2}.Release|Any CPU.Build.0 = Release|Any CPU
		{FBFE6504-FD66-45E8-8D4D-57A4409C8CA9}.Debug|Any CPU.ActiveCfg = Debug|Any CPU
		{FBFE6504-FD66-45E8-8D4D-57A4409C8CA9}.Debug|Any CPU.Build.0 = Debug|Any CPU
		{FBFE6504-FD66-45E8-8D4D-57A4409C8CA9}.Release|Any CPU.ActiveCfg = Release|Any CPU
		{FBFE6504-FD66-45E8-8D4D-57A4409C8CA9}.Release|Any CPU.Build.0 = Release|Any CPU
		{553B0CD0-2243-448F-9F2C-F09CBB47FB84}.Debug|Any CPU.ActiveCfg = Debug|Any CPU
		{553B0CD0-2243-448F-9F2C-F09CBB47FB84}.Debug|Any CPU.Build.0 = Debug|Any CPU
		{553B0CD0-2243-448F-9F2C-F09CBB47FB84}.Release|Any CPU.ActiveCfg = Release|Any CPU
		{553B0CD0-2243-448F-9F2C-F09CBB47FB84}.Release|Any CPU.Build.0 = Release|Any CPU
		{FF60500D-ED77-4A4F-8F8E-8DBFEBFDB5C3}.Debug|Any CPU.ActiveCfg = Debug|Any CPU
		{FF60500D-ED77-4A4F-8F8E-8DBFEBFDB5C3}.Debug|Any CPU.Build.0 = Debug|Any CPU
		{FF60500D-ED77-4A4F-8F8E-8DBFEBFDB5C3}.Release|Any CPU.ActiveCfg = Release|Any CPU
		{FF60500D-ED77-4A4F-8F8E-8DBFEBFDB5C3}.Release|Any CPU.Build.0 = Release|Any CPU
		{99297948-51B7-4E96-A2FB-B16DC276740C}.Debug|Any CPU.ActiveCfg = Debug|Any CPU
		{99297948-51B7-4E96-A2FB-B16DC276740C}.Debug|Any CPU.Build.0 = Debug|Any CPU
		{99297948-51B7-4E96-A2FB-B16DC276740C}.Release|Any CPU.ActiveCfg = Release|Any CPU
		{99297948-51B7-4E96-A2FB-B16DC276740C}.Release|Any CPU.Build.0 = Release|Any CPU
		{CD81991F-3D9A-4710-B01C-CFDC189E9CBD}.Debug|Any CPU.ActiveCfg = Debug|Any CPU
		{CD81991F-3D9A-4710-B01C-CFDC189E9CBD}.Debug|Any CPU.Build.0 = Debug|Any CPU
		{CD81991F-3D9A-4710-B01C-CFDC189E9CBD}.Release|Any CPU.ActiveCfg = Release|Any CPU
		{CD81991F-3D9A-4710-B01C-CFDC189E9CBD}.Release|Any CPU.Build.0 = Release|Any CPU
		{C85BA8A4-9185-40CA-8566-BB8BD258D2F7}.Debug|Any CPU.ActiveCfg = Debug|Any CPU
		{C85BA8A4-9185-40CA-8566-BB8BD258D2F7}.Debug|Any CPU.Build.0 = Debug|Any CPU
		{C85BA8A4-9185-40CA-8566-BB8BD258D2F7}.Release|Any CPU.ActiveCfg = Release|Any CPU
		{C85BA8A4-9185-40CA-8566-BB8BD258D2F7}.Release|Any CPU.Build.0 = Release|Any CPU
	EndGlobalSection
	GlobalSection(SolutionProperties) = preSolution
		HideSolutionNode = FALSE
	EndGlobalSection
	GlobalSection(NestedProjects) = preSolution
		{FBFE6504-FD66-45E8-8D4D-57A4409C8CA9} = {479AAD0E-27D1-4D60-B4BA-7A49BE3FAD2E}
		{553B0CD0-2243-448F-9F2C-F09CBB47FB84} = {479AAD0E-27D1-4D60-B4BA-7A49BE3FAD2E}
		{FF60500D-ED77-4A4F-8F8E-8DBFEBFDB5C3} = {479AAD0E-27D1-4D60-B4BA-7A49BE3FAD2E}
		{4357B122-1646-473F-BABD-1EC8C548165D} = {479AAD0E-27D1-4D60-B4BA-7A49BE3FAD2E}
		{99297948-51B7-4E96-A2FB-B16DC276740C} = {4357B122-1646-473F-BABD-1EC8C548165D}
		{CD81991F-3D9A-4710-B01C-CFDC189E9CBD} = {4357B122-1646-473F-BABD-1EC8C548165D}
		{C85BA8A4-9185-40CA-8566-BB8BD258D2F7} = {2583FDCC-0E43-4962-8847-4A5BDC135311}
	EndGlobalSection
	GlobalSection(ExtensibilityGlobals) = postSolution
		SolutionGuid = {A64DF779-7829-414F-9E6E-3AF349486508}
	EndGlobalSection
EndGlobal
